
Microsoft Visual Studio Solution File, Format Version 12.00
# Visual Studio Version 17
VisualStudioVersion = 17.11.35312.102
MinimumVisualStudioVersion = 10.0.40219.1
Project("{FAE04EC0-301F-11D3-BF4B-00C04F79EFBC}") = "DeskSensorRESTService", "DeskSensorRESTService\DeskSensorRESTService.csproj", "{AA77E431-C924-4369-90A9-A8D931AEACB9}"
EndProject
Project("{FAE04EC0-301F-11D3-BF4B-00C04F79EFBC}") = "DeskSensorRESTServiceTests", "DeskSensorRESTServiceTests\DeskSensorRESTServiceTests.csproj", "{10D0D116-EC3B-4998-B3EF-6067316FC449}"
EndProject
Global
	GlobalSection(SolutionConfigurationPlatforms) = preSolution
		Debug|Any CPU = Debug|Any CPU
		Release|Any CPU = Release|Any CPU
	EndGlobalSection
	GlobalSection(ProjectConfigurationPlatforms) = postSolution
		{AA77E431-C924-4369-90A9-A8D931AEACB9}.Debug|Any CPU.ActiveCfg = Debug|Any CPU
		{AA77E431-C924-4369-90A9-A8D931AEACB9}.Debug|Any CPU.Build.0 = Debug|Any CPU
		{AA77E431-C924-4369-90A9-A8D931AEACB9}.Release|Any CPU.ActiveCfg = Release|Any CPU
		{AA77E431-C924-4369-90A9-A8D931AEACB9}.Release|Any CPU.Build.0 = Release|Any CPU
		{10D0D116-EC3B-4998-B3EF-6067316FC449}.Debug|Any CPU.ActiveCfg = Debug|Any CPU
		{10D0D116-EC3B-4998-B3EF-6067316FC449}.Debug|Any CPU.Build.0 = Debug|Any CPU
		{10D0D116-EC3B-4998-B3EF-6067316FC449}.Release|Any CPU.ActiveCfg = Release|Any CPU
		{10D0D116-EC3B-4998-B3EF-6067316FC449}.Release|Any CPU.Build.0 = Release|Any CPU
	EndGlobalSection
	GlobalSection(SolutionProperties) = preSolution
		HideSolutionNode = FALSE
	EndGlobalSection
	GlobalSection(ExtensibilityGlobals) = postSolution
		SolutionGuid = {221C2D24-E659-4C09-8E98-70A1D53C0AF1}
	EndGlobalSection
EndGlobal
